{
  "name": "@wangxt0223/codex-switcher",
  "version": "0.7.1",
  "lockfileVersion": 3,
  "requires": true,
  "packages": {
    "": {
      "name": "@wangxt0223/codex-switcher",
      "version": "0.7.1",
      "license": "MIT",
      "dependencies": {
        "@wangxt0223/codex-switcher": "^0.6.0"
      },
      "bin": {
        "codex-sw": "plugins/codex-switcher/scripts/codex-sw",
        "codex-switcher": "plugins/codex-switcher/scripts/codex-switcher"
      },
      "engines": {
        "node": ">=18"
      }
    },
    "node_modules/@wangxt0223/codex-switcher": {
      "version": "0.6.0",
      "resolved": "https://registry.npmjs.org/@wangxt0223/codex-switcher/-/codex-switcher-0.6.0.tgz",
      "integrity": "sha512-QuxnSPWQXk1Q2U1+sCJqn+3RgrRJO4UMoUjPsIgTm0JQ+5YrU7je95Xu//K7yv9gqjn0eTasm5anED8/GiekqA==",
      "license": "MIT",
      "bin": {
        "codex-sw": "plugins/codex-switcher/scripts/codex-sw",
        "codex-switcher": "plugins/codex-switcher/scripts/codex-switcher"
      },
      "engines": {
        "node": ">=18"
      }
    }
  }
}
